
Microsoft Visual Studio Solution File, Format Version 12.00
# Visual Studio Version 17
VisualStudioVersion = 17.6.33815.320
MinimumVisualStudioVersion = 10.0.40219.1
Project("{8BC9CEB8-8B4A-11D0-8D11-00A0C91BC942}") = "04_23Shirin01030805", "04_23Shirin01030805\04_23Shirin01030805.vcxproj", "{08094202-4BB0-428F-B265-DFE298E5710C}"
EndProject
Global
	GlobalSection(SolutionConfigurationPlatforms) = preSolution
		Debug|x64 = Debug|x64
		Debug|x86 = Debug|x86
		Release|x64 = Release|x64
		Release|x86 = Release|x86
	EndGlobalSection
	GlobalSection(ProjectConfigurationPlatforms) = postSolution
		{08094202-4BB0-428F-B265-DFE298E5710C}.Debug|x64.ActiveCfg = Debug|x64
		{08094202-4BB0-428F-B265-DFE298E5710C}.Debug|x64.Build.0 = Debug|x64
		{08094202-4BB0-428F-B265-DFE298E5710C}.Debug|x86.ActiveCfg = Debug|Win32
		{08094202-4BB0-428F-B265-DFE298E5710C}.Debug|x86.Build.0 = Debug|Win32
		{08094202-4BB0-428F-B265-DFE298E5710C}.Release|x64.ActiveCfg = Release|x64
		{08094202-4BB0-428F-B265-DFE298E5710C}.Release|x64.Build.0 = Release|x64
		{08094202-4BB0-428F-B265-DFE298E5710C}.Release|x86.ActiveCfg = Release|Win32
		{08094202-4BB0-428F-B265-DFE298E5710C}.Release|x86.Build.0 = Release|Win32
	EndGlobalSection
	GlobalSection(SolutionProperties) = preSolution
		HideSolutionNode = FALSE
	EndGlobalSection
	GlobalSection(ExtensibilityGlobals) = postSolution
		SolutionGuid = {78AEA6C1-7ABF-4E8D-8E79-C9404809BC8E}
	EndGlobalSection
EndGlobal
